
Microsoft Visual Studio Solution File, Format Version 12.00
Project("{FAE04EC0-301F-11D3-BF4B-00C04F79EFBC}") = "Bruteflow", "Bruteflow\Bruteflow.csproj", "{95F9FD59-1332-4D0B-ABD6-1040BFC973AF}"
EndProject
Project("{FAE04EC0-301F-11D3-BF4B-00C04F79EFBC}") = "Bruteflow.Tests", "Bruteflow.Tests\Bruteflow.Tests.csproj", "{FDB86D39-193E-4BEA-86EC-06AA968292E8}"
EndProject
Project("{FAE04EC0-301F-11D3-BF4B-00C04F79EFBC}") = "Bruteflow.Kafka", "Bruteflow.Kafka\Bruteflow.Kafka.csproj", "{3B4C7E74-C736-44F7-8267-BFD2D9B37548}"
EndProject
Project("{FAE04EC0-301F-11D3-BF4B-00C04F79EFBC}") = "Bruteflow.Stats", "Bruteflow.Stats\Bruteflow.Stats.csproj", "{1498BE77-0FBD-4923-9015-3F80AA43BA80}"
EndProject
Global
	GlobalSection(SolutionConfigurationPlatforms) = preSolution
		Debug|Any CPU = Debug|Any CPU
		Release|Any CPU = Release|Any CPU
	EndGlobalSection
	GlobalSection(ProjectConfigurationPlatforms) = postSolution
		{95F9FD59-1332-4D0B-ABD6-1040BFC973AF}.Debug|Any CPU.ActiveCfg = Debug|Any CPU
		{95F9FD59-1332-4D0B-ABD6-1040BFC973AF}.Debug|Any CPU.Build.0 = Debug|Any CPU
		{95F9FD59-1332-4D0B-ABD6-1040BFC973AF}.Release|Any CPU.ActiveCfg = Release|Any CPU
		{95F9FD59-1332-4D0B-ABD6-1040BFC973AF}.Release|Any CPU.Build.0 = Release|Any CPU
		{FDB86D39-193E-4BEA-86EC-06AA968292E8}.Debug|Any CPU.ActiveCfg = Debug|Any CPU
		{FDB86D39-193E-4BEA-86EC-06AA968292E8}.Debug|Any CPU.Build.0 = Debug|Any CPU
		{FDB86D39-193E-4BEA-86EC-06AA968292E8}.Release|Any CPU.ActiveCfg = Release|Any CPU
		{FDB86D39-193E-4BEA-86EC-06AA968292E8}.Release|Any CPU.Build.0 = Release|Any CPU
		{3B4C7E74-C736-44F7-8267-BFD2D9B37548}.Debug|Any CPU.ActiveCfg = Debug|Any CPU
		{3B4C7E74-C736-44F7-8267-BFD2D9B37548}.Debug|Any CPU.Build.0 = Debug|Any CPU
		{3B4C7E74-C736-44F7-8267-BFD2D9B37548}.Release|Any CPU.ActiveCfg = Release|Any CPU
		{3B4C7E74-C736-44F7-8267-BFD2D9B37548}.Release|Any CPU.Build.0 = Release|Any CPU
		{1498BE77-0FBD-4923-9015-3F80AA43BA80}.Debug|Any CPU.ActiveCfg = Debug|Any CPU
		{1498BE77-0FBD-4923-9015-3F80AA43BA80}.Debug|Any CPU.Build.0 = Debug|Any CPU
		{1498BE77-0FBD-4923-9015-3F80AA43BA80}.Release|Any CPU.ActiveCfg = Release|Any CPU
		{1498BE77-0FBD-4923-9015-3F80AA43BA80}.Release|Any CPU.Build.0 = Release|Any CPU
	EndGlobalSection
EndGlobal
