
Microsoft Visual Studio Solution File, Format Version 12.00
Project("{FAE04EC0-301F-11D3-BF4B-00C04F79EFBC}") = "Flowcharter", "Flowcharter\Flowcharter.csproj", "{95F9FD59-1332-4D0B-ABD6-1040BFC973AF}"
EndProject
Project("{FAE04EC0-301F-11D3-BF4B-00C04F79EFBC}") = "Flowcharter.Tests", "Flowcharter.Tests\Flowcharter.Tests.csproj", "{FDB86D39-193E-4BEA-86EC-06AA968292E8}"
EndProject
Global
	GlobalSection(SolutionConfigurationPlatforms) = preSolution
		Debug|Any CPU = Debug|Any CPU
		Release|Any CPU = Release|Any CPU
	EndGlobalSection
	GlobalSection(ProjectConfigurationPlatforms) = postSolution
		{95F9FD59-1332-4D0B-ABD6-1040BFC973AF}.Debug|Any CPU.ActiveCfg = Debug|Any CPU
		{95F9FD59-1332-4D0B-ABD6-1040BFC973AF}.Debug|Any CPU.Build.0 = Debug|Any CPU
		{95F9FD59-1332-4D0B-ABD6-1040BFC973AF}.Release|Any CPU.ActiveCfg = Release|Any CPU
		{95F9FD59-1332-4D0B-ABD6-1040BFC973AF}.Release|Any CPU.Build.0 = Release|Any CPU
		{FDB86D39-193E-4BEA-86EC-06AA968292E8}.Debug|Any CPU.ActiveCfg = Debug|Any CPU
		{FDB86D39-193E-4BEA-86EC-06AA968292E8}.Debug|Any CPU.Build.0 = Debug|Any CPU
		{FDB86D39-193E-4BEA-86EC-06AA968292E8}.Release|Any CPU.ActiveCfg = Release|Any CPU
		{FDB86D39-193E-4BEA-86EC-06AA968292E8}.Release|Any CPU.Build.0 = Release|Any CPU
	EndGlobalSection
EndGlobal
